
Microsoft Visual Studio Solution File, Format Version 12.00
# Visual Studio Version 16
VisualStudioVersion = 16.0.810.2
MinimumVisualStudioVersion = 10.0.40219.1
Project("{FAE04EC0-301F-11D3-BF4B-00C04F79EFBC}") = "CoinApp.Android", "CoinApp.Android\CoinApp.Android.csproj", "{E31BF438-62C0-4A10-8AED-CAF00D05445A}"
EndProject
Project("{FAE04EC0-301F-11D3-BF4B-00C04F79EFBC}") = "CoinApp.iOS", "CoinApp.iOS\CoinApp.iOS.csproj", "{82FC8044-71E2-4C7F-93F8-6D61A6514C41}"
EndProject
Project("{9A19103F-16F7-4668-BE54-9A1E7A4F7556}") = "CoinApp", "CoinApp\CoinApp.csproj", "{B4AA1815-6990-41A9-9B71-4BD7D5BCBB08}"
EndProject
Global
	GlobalSection(SolutionConfigurationPlatforms) = preSolution
		Debug|Any CPU = Debug|Any CPU
		Debug|iPhone = Debug|iPhone
		Debug|iPhoneSimulator = Debug|iPhoneSimulator
		Release|Any CPU = Release|Any CPU
		Release|iPhone = Release|iPhone
		Release|iPhoneSimulator = Release|iPhoneSimulator
	EndGlobalSection
	GlobalSection(ProjectConfigurationPlatforms) = postSolution
		{E31BF438-62C0-4A10-8AED-CAF00D05445A}.Debug|Any CPU.ActiveCfg = Debug|Any CPU
		{E31BF438-62C0-4A10-8AED-CAF00D05445A}.Debug|Any CPU.Build.0 = Debug|Any CPU
		{E31BF438-62C0-4A10-8AED-CAF00D05445A}.Debug|Any CPU.Deploy.0 = Debug|Any CPU
		{E31BF438-62C0-4A10-8AED-CAF00D05445A}.Debug|iPhone.ActiveCfg = Debug|Any CPU
		{E31BF438-62C0-4A10-8AED-CAF00D05445A}.Debug|iPhone.Build.0 = Debug|Any CPU
		{E31BF438-62C0-4A10-8AED-CAF00D05445A}.Debug|iPhoneSimulator.ActiveCfg = Debug|Any CPU
		{E31BF438-62C0-4A10-8AED-CAF00D05445A}.Debug|iPhoneSimulator.Build.0 = Debug|Any CPU
		{E31BF438-62C0-4A10-8AED-CAF00D05445A}.Release|Any CPU.ActiveCfg = Release|Any CPU
		{E31BF438-62C0-4A10-8AED-CAF00D05445A}.Release|Any CPU.Build.0 = Release|Any CPU
		{E31BF438-62C0-4A10-8AED-CAF00D05445A}.Release|iPhone.ActiveCfg = Release|Any CPU
		{E31BF438-62C0-4A10-8AED-CAF00D05445A}.Release|iPhone.Build.0 = Release|Any CPU
		{E31BF438-62C0-4A10-8AED-CAF00D05445A}.Release|iPhoneSimulator.ActiveCfg = Release|Any CPU
		{E31BF438-62C0-4A10-8AED-CAF00D05445A}.Release|iPhoneSimulator.Build.0 = Release|Any CPU
		{82FC8044-71E2-4C7F-93F8-6D61A6514C41}.Debug|Any CPU.ActiveCfg = Debug|iPhoneSimulator
		{82FC8044-71E2-4C7F-93F8-6D61A6514C41}.Debug|Any CPU.Build.0 = Debug|iPhoneSimulator
		{82FC8044-71E2-4C7F-93F8-6D61A6514C41}.Debug|iPhone.ActiveCfg = Debug|iPhone
		{82FC8044-71E2-4C7F-93F8-6D61A6514C41}.Debug|iPhone.Build.0 = Debug|iPhone
		{82FC8044-71E2-4C7F-93F8-6D61A6514C41}.Debug|iPhoneSimulator.ActiveCfg = Debug|iPhoneSimulator
		{82FC8044-71E2-4C7F-93F8-6D61A6514C41}.Debug|iPhoneSimulator.Build.0 = Debug|iPhoneSimulator
		{82FC8044-71E2-4C7F-93F8-6D61A6514C41}.Release|Any CPU.ActiveCfg = Release|iPhoneSimulator
		{82FC8044-71E2-4C7F-93F8-6D61A6514C41}.Release|Any CPU.Build.0 = Release|iPhoneSimulator
		{82FC8044-71E2-4C7F-93F8-6D61A6514C41}.Release|iPhone.ActiveCfg = Release|iPhone
		{82FC8044-71E2-4C7F-93F8-6D61A6514C41}.Release|iPhone.Build.0 = Release|iPhone
		{82FC8044-71E2-4C7F-93F8-6D61A6514C41}.Release|iPhoneSimulator.ActiveCfg = Release|iPhoneSimulator
		{82FC8044-71E2-4C7F-93F8-6D61A6514C41}.Release|iPhoneSimulator.Build.0 = Release|iPhoneSimulator
		{B4AA1815-6990-41A9-9B71-4BD7D5BCBB08}.Debug|Any CPU.ActiveCfg = Debug|Any CPU
		{B4AA1815-6990-41A9-9B71-4BD7D5BCBB08}.Debug|Any CPU.Build.0 = Debug|Any CPU
		{B4AA1815-6990-41A9-9B71-4BD7D5BCBB08}.Debug|iPhone.ActiveCfg = Debug|Any CPU
		{B4AA1815-6990-41A9-9B71-4BD7D5BCBB08}.Debug|iPhone.Build.0 = Debug|Any CPU
		{B4AA1815-6990-41A9-9B71-4BD7D5BCBB08}.Debug|iPhoneSimulator.ActiveCfg = Debug|Any CPU
		{B4AA1815-6990-41A9-9B71-4BD7D5BCBB08}.Debug|iPhoneSimulator.Build.0 = Debug|Any CPU
		{B4AA1815-6990-41A9-9B71-4BD7D5BCBB08}.Release|Any CPU.ActiveCfg = Release|Any CPU
		{B4AA1815-6990-41A9-9B71-4BD7D5BCBB08}.Release|Any CPU.Build.0 = Release|Any CPU
		{B4AA1815-6990-41A9-9B71-4BD7D5BCBB08}.Release|iPhone.ActiveCfg = Release|Any CPU
		{B4AA1815-6990-41A9-9B71-4BD7D5BCBB08}.Release|iPhone.Build.0 = Release|Any CPU
		{B4AA1815-6990-41A9-9B71-4BD7D5BCBB08}.Release|iPhoneSimulator.ActiveCfg = Release|Any CPU
		{B4AA1815-6990-41A9-9B71-4BD7D5BCBB08}.Release|iPhoneSimulator.Build.0 = Release|Any CPU
	EndGlobalSection
	GlobalSection(SolutionProperties) = preSolution
		HideSolutionNode = FALSE
	EndGlobalSection
	GlobalSection(ExtensibilityGlobals) = postSolution
		SolutionGuid = {857E51DF-8660-41F3-99F5-292DC5EF690A}
	EndGlobalSection
EndGlobal
